
Microsoft Visual Studio Solution File, Format Version 12.00
# Visual Studio Version 17
VisualStudioVersion = 17.3.32929.385
MinimumVisualStudioVersion = 10.0.40219.1
Project("{FAE04EC0-301F-11D3-BF4B-00C04F79EFBC}") = "ISIParkAPIMySQL", "ISIParkAPIMySQL.csproj", "{80AB9352-C3BD-4EF7-ABA7-767657186D7F}"
EndProject
Project("{FAE04EC0-301F-11D3-BF4B-00C04F79EFBC}") = "ISIParkAPIMySQL.Data", "..\ISIParkAPIMySQL.Data\ISIParkAPIMySQL.Data.csproj", "{4823E0EF-1ED8-405C-8C57-975EC4A53746}"
EndProject
Project("{FAE04EC0-301F-11D3-BF4B-00C04F79EFBC}") = "ISIParkAPIMySQL.Model", "..\ISIParkAPIMySQL.Model\ISIParkAPIMySQL.Model.csproj", "{04D4F87E-1D5C-4E4E-B70C-568620F145EB}"
EndProject
Global
	GlobalSection(SolutionConfigurationPlatforms) = preSolution
		Debug|Any CPU = Debug|Any CPU
		Release|Any CPU = Release|Any CPU
	EndGlobalSection
	GlobalSection(ProjectConfigurationPlatforms) = postSolution
		{80AB9352-C3BD-4EF7-ABA7-767657186D7F}.Debug|Any CPU.ActiveCfg = Debug|Any CPU
		{80AB9352-C3BD-4EF7-ABA7-767657186D7F}.Debug|Any CPU.Build.0 = Debug|Any CPU
		{80AB9352-C3BD-4EF7-ABA7-767657186D7F}.Release|Any CPU.ActiveCfg = Release|Any CPU
		{80AB9352-C3BD-4EF7-ABA7-767657186D7F}.Release|Any CPU.Build.0 = Release|Any CPU
		{4823E0EF-1ED8-405C-8C57-975EC4A53746}.Debug|Any CPU.ActiveCfg = Debug|Any CPU
		{4823E0EF-1ED8-405C-8C57-975EC4A53746}.Debug|Any CPU.Build.0 = Debug|Any CPU
		{4823E0EF-1ED8-405C-8C57-975EC4A53746}.Release|Any CPU.ActiveCfg = Release|Any CPU
		{4823E0EF-1ED8-405C-8C57-975EC4A53746}.Release|Any CPU.Build.0 = Release|Any CPU
		{04D4F87E-1D5C-4E4E-B70C-568620F145EB}.Debug|Any CPU.ActiveCfg = Debug|Any CPU
		{04D4F87E-1D5C-4E4E-B70C-568620F145EB}.Debug|Any CPU.Build.0 = Debug|Any CPU
		{04D4F87E-1D5C-4E4E-B70C-568620F145EB}.Release|Any CPU.ActiveCfg = Release|Any CPU
		{04D4F87E-1D5C-4E4E-B70C-568620F145EB}.Release|Any CPU.Build.0 = Release|Any CPU
	EndGlobalSection
	GlobalSection(SolutionProperties) = preSolution
		HideSolutionNode = FALSE
	EndGlobalSection
	GlobalSection(ExtensibilityGlobals) = postSolution
		SolutionGuid = {849E8B8F-B87D-42BF-AAF3-7DEAF828E377}
	EndGlobalSection
EndGlobal
